
Microsoft Visual Studio Solution File, Format Version 12.00
# Visual Studio Version 16
VisualStudioVersion = 16.0.31702.278
MinimumVisualStudioVersion = 10.0.40219.1
Project("{FAE04EC0-301F-11D3-BF4B-00C04F79EFBC}") = "projetIteration2bis", "projetIteration2bis\projetIteration2bis.csproj", "{9CBEFBCC-3C88-4D07-B581-E7BE399C6458}"
EndProject
Project("{FAE04EC0-301F-11D3-BF4B-00C04F79EFBC}") = "lib", "lib\lib.csproj", "{3AD385E3-DB67-4AC2-A2C7-0712331A767A}"
EndProject
Global
	GlobalSection(SolutionConfigurationPlatforms) = preSolution
		Debug|Any CPU = Debug|Any CPU
		Release|Any CPU = Release|Any CPU
	EndGlobalSection
	GlobalSection(ProjectConfigurationPlatforms) = postSolution
		{9CBEFBCC-3C88-4D07-B581-E7BE399C6458}.Debug|Any CPU.ActiveCfg = Debug|Any CPU
		{9CBEFBCC-3C88-4D07-B581-E7BE399C6458}.Debug|Any CPU.Build.0 = Debug|Any CPU
		{9CBEFBCC-3C88-4D07-B581-E7BE399C6458}.Release|Any CPU.ActiveCfg = Release|Any CPU
		{9CBEFBCC-3C88-4D07-B581-E7BE399C6458}.Release|Any CPU.Build.0 = Release|Any CPU
		{3AD385E3-DB67-4AC2-A2C7-0712331A767A}.Debug|Any CPU.ActiveCfg = Debug|Any CPU
		{3AD385E3-DB67-4AC2-A2C7-0712331A767A}.Debug|Any CPU.Build.0 = Debug|Any CPU
		{3AD385E3-DB67-4AC2-A2C7-0712331A767A}.Release|Any CPU.ActiveCfg = Release|Any CPU
		{3AD385E3-DB67-4AC2-A2C7-0712331A767A}.Release|Any CPU.Build.0 = Release|Any CPU
	EndGlobalSection
	GlobalSection(SolutionProperties) = preSolution
		HideSolutionNode = FALSE
	EndGlobalSection
	GlobalSection(ExtensibilityGlobals) = postSolution
		SolutionGuid = {ABD3E0B8-D4DA-401C-B56F-E316A39632A8}
	EndGlobalSection
EndGlobal
